
Microsoft Visual Studio Solution File, Format Version 12.00
# Visual Studio 15
VisualStudioVersion = 15.0.26228.12
MinimumVisualStudioVersion = 10.0.40219.1
Project("{2150E333-8FDC-42A3-9474-1A3956D46DE8}") = "Solution Items", "Solution Items", "{6A92817B-AFC2-4091-A58C-474F8F58BE7D}"
	ProjectSection(SolutionItems) = preProject
		Documents\Corpus\Aladin und die Wunderlampe.txt = Documents\Corpus\Aladin und die Wunderlampe.txt
		Documents\Corpus\Ali Baba und die 40 Raeuber.txt = Documents\Corpus\Ali Baba und die 40 Raeuber.txt
		Documents\Corpus\Aschenputtel.txt = Documents\Corpus\Aschenputtel.txt
		Documents\Corpus\Das tapfere Schneiderlein.txt = Documents\Corpus\Das tapfere Schneiderlein.txt
		Documents\Corpus\Der Drachentoeter.txt = Documents\Corpus\Der Drachentoeter.txt
		Documents\Corpus\Der fliegende Hollaender.txt = Documents\Corpus\Der fliegende Hollaender.txt
		Documents\Corpus\Der Froschkoenig.txt = Documents\Corpus\Der Froschkoenig.txt
		Documents\Corpus\Der gestiefelte Kater.txt = Documents\Corpus\Der gestiefelte Kater.txt
		Documents\Corpus\Die drei Musikanten.txt = Documents\Corpus\Die drei Musikanten.txt
		Documents\Corpus\Die goldene Gans.txt = Documents\Corpus\Die goldene Gans.txt
		Documents\Corpus\Die Loreley.txt = Documents\Corpus\Die Loreley.txt
		Documents\Corpus\Frau Holle.txt = Documents\Corpus\Frau Holle.txt
		Documents\Corpus\Haensel und Gretel.txt = Documents\Corpus\Haensel und Gretel.txt
		Documents\Corpus\Hans im Glueck.txt = Documents\Corpus\Hans im Glueck.txt
		Documents\Corpus\Hase und Igel.txt = Documents\Corpus\Hase und Igel.txt
		Documents\INR-P1.pdf = Documents\INR-P1.pdf
		Documents\Corpus\Koenig Drosselbart.txt = Documents\Corpus\Koenig Drosselbart.txt
		Documents\Corpus\Mann im Mond.txt = Documents\Corpus\Mann im Mond.txt
		Documents\Corpus\Peter und der Wolf.txt = Documents\Corpus\Peter und der Wolf.txt
		Documents\Corpus\Prinzessin auf der Erbse.txt = Documents\Corpus\Prinzessin auf der Erbse.txt
		Documents\Corpus\Rapunzel.txt = Documents\Corpus\Rapunzel.txt
		Documents\Corpus\Rotkaeppchen.txt = Documents\Corpus\Rotkaeppchen.txt
		Documents\Corpus\Rumpelstilzchen.txt = Documents\Corpus\Rumpelstilzchen.txt
		Documents\Corpus\Schneewittchen.txt = Documents\Corpus\Schneewittchen.txt
		Documents\Corpus\Tischlein deck dich.txt = Documents\Corpus\Tischlein deck dich.txt
		Documents\Corpus\Wolf und die sieben Geisslein.txt = Documents\Corpus\Wolf und die sieben Geisslein.txt
		Documents\Corpus\Zwerg Nase.txt = Documents\Corpus\Zwerg Nase.txt
	EndProjectSection
EndProject
Project("{FAE04EC0-301F-11D3-BF4B-00C04F79EFBC}") = "InformationRetrieval", "InformationRetrieval\InformationRetrieval.csproj", "{C12AB7A7-A04B-4062-885D-7EDA4BCD347C}"
EndProject
Project("{FAE04EC0-301F-11D3-BF4B-00C04F79EFBC}") = "UnitTests", "UnitTests\UnitTests.csproj", "{B3889D00-358F-47FD-B98D-C0E4AA3F7FA7}"
EndProject
Global
	GlobalSection(SolutionConfigurationPlatforms) = preSolution
		Debug|Any CPU = Debug|Any CPU
		Release|Any CPU = Release|Any CPU
	EndGlobalSection
	GlobalSection(ProjectConfigurationPlatforms) = postSolution
		{C12AB7A7-A04B-4062-885D-7EDA4BCD347C}.Debug|Any CPU.ActiveCfg = Debug|Any CPU
		{C12AB7A7-A04B-4062-885D-7EDA4BCD347C}.Debug|Any CPU.Build.0 = Debug|Any CPU
		{C12AB7A7-A04B-4062-885D-7EDA4BCD347C}.Release|Any CPU.ActiveCfg = Release|Any CPU
		{C12AB7A7-A04B-4062-885D-7EDA4BCD347C}.Release|Any CPU.Build.0 = Release|Any CPU
		{B3889D00-358F-47FD-B98D-C0E4AA3F7FA7}.Debug|Any CPU.ActiveCfg = Debug|Any CPU
		{B3889D00-358F-47FD-B98D-C0E4AA3F7FA7}.Debug|Any CPU.Build.0 = Debug|Any CPU
		{B3889D00-358F-47FD-B98D-C0E4AA3F7FA7}.Release|Any CPU.ActiveCfg = Release|Any CPU
		{B3889D00-358F-47FD-B98D-C0E4AA3F7FA7}.Release|Any CPU.Build.0 = Release|Any CPU
	EndGlobalSection
	GlobalSection(SolutionProperties) = preSolution
		HideSolutionNode = FALSE
	EndGlobalSection
EndGlobal
